
Microsoft Visual Studio Solution File, Format Version 12.00
# Visual Studio Version 17
VisualStudioVersion = 17.4.33213.308
MinimumVisualStudioVersion = 10.0.40219.1
Project("{9A19103F-16F7-4668-BE54-9A1E7A4F7556}") = "Reflection", "Reflection\Reflection.csproj", "{989D6807-1550-478F-8BD1-E6571E4755A7}"
EndProject
Project("{9A19103F-16F7-4668-BE54-9A1E7A4F7556}") = "ReflectionCopy2", "ReflectionCopy2\ReflectionCopy2.csproj", "{849BADC2-B80F-47F9-9BA1-04A612C68B36}"
EndProject
Project("{FAE04EC0-301F-11D3-BF4B-00C04F79EFBC}") = "Delegates", "Delegates\Delegates.csproj", "{612F3B97-8BE7-46DD-9A91-E8FF0AD4B3C7}"
EndProject
Global
	GlobalSection(SolutionConfigurationPlatforms) = preSolution
		Debug|Any CPU = Debug|Any CPU
		Release|Any CPU = Release|Any CPU
	EndGlobalSection
	GlobalSection(ProjectConfigurationPlatforms) = postSolution
		{989D6807-1550-478F-8BD1-E6571E4755A7}.Debug|Any CPU.ActiveCfg = Debug|Any CPU
		{989D6807-1550-478F-8BD1-E6571E4755A7}.Debug|Any CPU.Build.0 = Debug|Any CPU
		{989D6807-1550-478F-8BD1-E6571E4755A7}.Release|Any CPU.ActiveCfg = Release|Any CPU
		{989D6807-1550-478F-8BD1-E6571E4755A7}.Release|Any CPU.Build.0 = Release|Any CPU
		{849BADC2-B80F-47F9-9BA1-04A612C68B36}.Debug|Any CPU.ActiveCfg = Debug|Any CPU
		{849BADC2-B80F-47F9-9BA1-04A612C68B36}.Debug|Any CPU.Build.0 = Debug|Any CPU
		{849BADC2-B80F-47F9-9BA1-04A612C68B36}.Release|Any CPU.ActiveCfg = Release|Any CPU
		{849BADC2-B80F-47F9-9BA1-04A612C68B36}.Release|Any CPU.Build.0 = Release|Any CPU
		{612F3B97-8BE7-46DD-9A91-E8FF0AD4B3C7}.Debug|Any CPU.ActiveCfg = Debug|Any CPU
		{612F3B97-8BE7-46DD-9A91-E8FF0AD4B3C7}.Debug|Any CPU.Build.0 = Debug|Any CPU
		{612F3B97-8BE7-46DD-9A91-E8FF0AD4B3C7}.Release|Any CPU.ActiveCfg = Release|Any CPU
		{612F3B97-8BE7-46DD-9A91-E8FF0AD4B3C7}.Release|Any CPU.Build.0 = Release|Any CPU
	EndGlobalSection
	GlobalSection(SolutionProperties) = preSolution
		HideSolutionNode = FALSE
	EndGlobalSection
	GlobalSection(ExtensibilityGlobals) = postSolution
		SolutionGuid = {6DCA3148-6C31-4555-8F76-FAF8E9D69AC3}
	EndGlobalSection
EndGlobal
