
Microsoft Visual Studio Solution File, Format Version 12.00
# Visual Studio Version 17
VisualStudioVersion = 17.4.33213.308
MinimumVisualStudioVersion = 10.0.40219.1
Project("{9A19103F-16F7-4668-BE54-9A1E7A4F7556}") = "FirstDemo.Web", "FirstDemo.Web\FirstDemo.Web.csproj", "{00F06E63-C22A-461B-B438-BED5D0673867}"
EndProject
Project("{FAE04EC0-301F-11D3-BF4B-00C04F79EFBC}") = "AutoFac", "AutoFac\AutoFac.csproj", "{DA51EAE2-935B-445B-A4C0-C510A98CCD86}"
EndProject
Global
	GlobalSection(SolutionConfigurationPlatforms) = preSolution
		Debug|Any CPU = Debug|Any CPU
		Release|Any CPU = Release|Any CPU
	EndGlobalSection
	GlobalSection(ProjectConfigurationPlatforms) = postSolution
		{00F06E63-C22A-461B-B438-BED5D0673867}.Debug|Any CPU.ActiveCfg = Debug|Any CPU
		{00F06E63-C22A-461B-B438-BED5D0673867}.Debug|Any CPU.Build.0 = Debug|Any CPU
		{00F06E63-C22A-461B-B438-BED5D0673867}.Release|Any CPU.ActiveCfg = Release|Any CPU
		{00F06E63-C22A-461B-B438-BED5D0673867}.Release|Any CPU.Build.0 = Release|Any CPU
		{DA51EAE2-935B-445B-A4C0-C510A98CCD86}.Debug|Any CPU.ActiveCfg = Debug|Any CPU
		{DA51EAE2-935B-445B-A4C0-C510A98CCD86}.Debug|Any CPU.Build.0 = Debug|Any CPU
		{DA51EAE2-935B-445B-A4C0-C510A98CCD86}.Release|Any CPU.ActiveCfg = Release|Any CPU
		{DA51EAE2-935B-445B-A4C0-C510A98CCD86}.Release|Any CPU.Build.0 = Release|Any CPU
	EndGlobalSection
	GlobalSection(SolutionProperties) = preSolution
		HideSolutionNode = FALSE
	EndGlobalSection
	GlobalSection(ExtensibilityGlobals) = postSolution
		SolutionGuid = {CEF7E176-C750-4BFE-B576-58E8C9539C33}
	EndGlobalSection
EndGlobal
